// !$*UTF8*$!
{
	archiveVersion = 1;
	classes = {
	};
	objectVersion = 46;
	objects = {

/* Begin PBXBuildFile section */
		DDE4E7E316B0F03700713EEC /* Icon-72.png in Resources */ = {isa = PBXBuildFile; fileRef = DDE4E7DB16B0F03700713EEC /* Icon-72.png */; };
		DDE4E7E416B0F03700713EEC /* Icon-72@2x.png in Resources */ = {isa = PBXBuildFile; fileRef = DDE4E7DC16B0F03700713EEC /* Icon-72@2x.png */; };
		DDE4E7E516B0F03700713EEC /* Icon-Small-50.png in Resources */ = {isa = PBXBuildFile; fileRef = DDE4E7DD16B0F03700713EEC /* Icon-Small-50.png */; };
		DDE4E7E616B0F03700713EEC /* Icon-Small-50@2x.png in Resources */ = {isa = PBXBuildFile; fileRef = DDE4E7DE16B0F03700713EEC /* Icon-Small-50@2x.png */; };
		DDE4E7E716B0F03700713EEC /* Icon-Small.png in Resources */ = {isa = PBXBuildFile; fileRef = DDE4E7DF16B0F03700713EEC /* Icon-Small.png */; };
		DDE4E7E816B0F03700713EEC /* Icon-Small@2x.png in Resources */ = {isa = PBXBuildFile; fileRef = DDE4E7E016B0F03700713EEC /* Icon-Small@2x.png */; };
		DDE4E7E916B0F03700713EEC /* Icon.png in Resources */ = {isa = PBXBuildFile; fileRef = DDE4E7E116B0F03700713EEC /* Icon.png */; };
		DDE4E7EA16B0F03700713EEC /* Icon@2x.png in Resources */ = {isa = PBXBuildFile; fileRef = DDE4E7E216B0F03700713EEC /* Icon@2x.png */; };
		DDE4E7F016B0F06900713EEC /* Default-568h@2x.png in Resources */ = {isa = PBXBuildFile; fileRef = DDE4E7EB16B0F06900713EEC /* Default-568h@2x.png */; };
		DDE4E7F116B0F06900713EEC /* Default-Portrait@2x~iPad.png in Resources */ = {isa = PBXBuildFile; fileRef = DDE4E7EC16B0F06900713EEC /* Default-Portrait@2x~iPad.png */; };
		DDE4E7F216B0F06900713EEC /* Default-Portrait~iPad.png in Resources */ = {isa = PBXBuildFile; fileRef = DDE4E7ED16B0F06900713EEC /* Default-Portrait~iPad.png */; };
		DDE4E7F316B0F06900713EEC /* Default.png in Resources */ = {isa = PBXBuildFile; fileRef = DDE4E7EE16B0F06900713EEC /* Default.png */; };
		DDE4E7F416B0F06900713EEC /* Default@2x.png in Resources */ = {isa = PBXBuildFile; fileRef = DDE4E7EF16B0F06900713EEC /* Default@2x.png */; };
		DDE5E69216B0E40100BEDB89 /* UIKit.framework in Frameworks */ = {isa = PBXBuildFile; fileRef = DDE5E69116B0E40100BEDB89 /* UIKit.framework */; };
		DDE5E69416B0E40100BEDB89 /* Foundation.framework in Frameworks */ = {isa = PBXBuildFile; fileRef = DDE5E69316B0E40100BEDB89 /* Foundation.framework */; };
		DDE5E69616B0E40100BEDB89 /* CoreGraphics.framework in Frameworks */ = {isa = PBXBuildFile; fileRef = DDE5E69516B0E40100BEDB89 /* CoreGraphics.framework */; };
		DDE5E6BC16B0E7BF00BEDB89 /* RSAppDelegate.m in Sources */ = {isa = PBXBuildFile; fileRef = DDE5E6BB16B0E7BF00BEDB89 /* RSAppDelegate.m */; };
		DDE5E6BF16B0E7D900BEDB89 /* RSViewController.m in Sources */ = {isa = PBXBuildFile; fileRef = DDE5E6BE16B0E7D900BEDB89 /* RSViewController.m */; };
		DDE5E6C616B0E90700BEDB89 /* MainStoryboard_iPad.storyboard in Resources */ = {isa = PBXBuildFile; fileRef = DDE5E6C416B0E90700BEDB89 /* MainStoryboard_iPad.storyboard */; };
		DDE5E6C716B0E90700BEDB89 /* MainStoryboard_iPhone.storyboard in Resources */ = {isa = PBXBuildFile; fileRef = DDE5E6C516B0E90700BEDB89 /* MainStoryboard_iPhone.storyboard */; };
		DDE5E6CD16B0E97200BEDB89 /* main.m in Sources */ = {isa = PBXBuildFile; fileRef = DDE5E6CB16B0E97200BEDB89 /* main.m */; };
/* End PBXBuildFile section */

/* Begin PBXFileReference section */
		DDE4E7DB16B0F03700713EEC /* Icon-72.png */ = {isa = PBXFileReference; lastKnownFileType = image.png; path = "Icon-72.png"; sourceTree = "<group>"; };
		DDE4E7DC16B0F03700713EEC /* Icon-72@2x.png */ = {isa = PBXFileReference; lastKnownFileType = image.png; path = "Icon-72@2x.png"; sourceTree = "<group>"; };
		DDE4E7DD16B0F03700713EEC /* Icon-Small-50.png */ = {isa = PBXFileReference; lastKnownFileType = image.png; path = "Icon-Small-50.png"; sourceTree = "<group>"; };
		DDE4E7DE16B0F03700713EEC /* Icon-Small-50@2x.png */ = {isa = PBXFileReference; lastKnownFileType = image.png; path = "Icon-Small-50@2x.png"; sourceTree = "<group>"; };
		DDE4E7DF16B0F03700713EEC /* Icon-Small.png */ = {isa = PBXFileReference; lastKnownFileType = image.png; path = "Icon-Small.png"; sourceTree = "<group>"; };
		DDE4E7E016B0F03700713EEC /* Icon-Small@2x.png */ = {isa = PBXFileReference; lastKnownFileType = image.png; path = "Icon-Small@2x.png"; sourceTree = "<group>"; };
		DDE4E7E116B0F03700713EEC /* Icon.png */ = {isa = PBXFileReference; lastKnownFileType = image.png; path = Icon.png; sourceTree = "<group>"; };
		DDE4E7E216B0F03700713EEC /* Icon@2x.png */ = {isa = PBXFileReference; lastKnownFileType = image.png; path = "Icon@2x.png"; sourceTree = "<group>"; };
		DDE4E7EB16B0F06900713EEC /* Default-568h@2x.png */ = {isa = PBXFileReference; lastKnownFileType = image.png; path = "Default-568h@2x.png"; sourceTree = "<group>"; };
		DDE4E7EC16B0F06900713EEC /* Default-Portrait@2x~iPad.png */ = {isa = PBXFileReference; lastKnownFileType = image.png; path = "Default-Portrait@2x~iPad.png"; sourceTree = "<group>"; };
		DDE4E7ED16B0F06900713EEC /* Default-Portrait~iPad.png */ = {isa = PBXFileReference; lastKnownFileType = image.png; path = "Default-Portrait~iPad.png"; sourceTree = "<group>"; };
		DDE4E7EE16B0F06900713EEC /* Default.png */ = {isa = PBXFileReference; lastKnownFileType = image.png; path = Default.png; sourceTree = "<group>"; };
		DDE4E7EF16B0F06900713EEC /* Default@2x.png */ = {isa = PBXFileReference; lastKnownFileType = image.png; path = "Default@2x.png"; sourceTree = "<group>"; };
		DDE5E68D16B0E40100BEDB89 /* iBaby.app */ = {isa = PBXFileReference; explicitFileType = wrapper.application; includeInIndex = 0; path = iBaby.app; sourceTree = BUILT_PRODUCTS_DIR; };
		DDE5E69116B0E40100BEDB89 /* UIKit.framework */ = {isa = PBXFileReference; lastKnownFileType = wrapper.framework; name = UIKit.framework; path = System/Library/Frameworks/UIKit.framework; sourceTree = SDKROOT; };
		DDE5E69316B0E40100BEDB89 /* Foundation.framework */ = {isa = PBXFileReference; lastKnownFileType = wrapper.framework; name = Foundation.framework; path = System/Library/Frameworks/Foundation.framework; sourceTree = SDKROOT; };
		DDE5E69516B0E40100BEDB89 /* CoreGraphics.framework */ = {isa = PBXFileReference; lastKnownFileType = wrapper.framework; name = CoreGraphics.framework; path = System/Library/Frameworks/CoreGraphics.framework; sourceTree = SDKROOT; };
		DDE5E6BA16B0E7BF00BEDB89 /* RSAppDelegate.h */ = {isa = PBXFileReference; fileEncoding = 4; lastKnownFileType = sourcecode.c.h; path = RSAppDelegate.h; sourceTree = "<group>"; };
		DDE5E6BB16B0E7BF00BEDB89 /* RSAppDelegate.m */ = {isa = PBXFileReference; fileEncoding = 4; lastKnownFileType = sourcecode.c.objc; path = RSAppDelegate.m; sourceTree = "<group>"; };
		DDE5E6BD16B0E7D900BEDB89 /* RSViewController.h */ = {isa = PBXFileReference; fileEncoding = 4; lastKnownFileType = sourcecode.c.h; path = RSViewController.h; sourceTree = "<group>"; };
		DDE5E6BE16B0E7D900BEDB89 /* RSViewController.m */ = {isa = PBXFileReference; fileEncoding = 4; lastKnownFileType = sourcecode.c.objc; path = RSViewController.m; sourceTree = "<group>"; };
		DDE5E6C416B0E90700BEDB89 /* MainStoryboard_iPad.storyboard */ = {isa = PBXFileReference; fileEncoding = 4; lastKnownFileType = file.storyboard; path = MainStoryboard_iPad.storyboard; sourceTree = "<group>"; };
		DDE5E6C516B0E90700BEDB89 /* MainStoryboard_iPhone.storyboard */ = {isa = PBXFileReference; fileEncoding = 4; lastKnownFileType = file.storyboard; path = MainStoryboard_iPhone.storyboard; sourceTree = "<group>"; };
		DDE5E6C916B0E97200BEDB89 /* iBaby-Info.plist */ = {isa = PBXFileReference; fileEncoding = 4; lastKnownFileType = text.plist.xml; path = "iBaby-Info.plist"; sourceTree = "<group>"; };
		DDE5E6CA16B0E97200BEDB89 /* iBaby-Prefix.pch */ = {isa = PBXFileReference; fileEncoding = 4; lastKnownFileType = sourcecode.c.h; path = "iBaby-Prefix.pch"; sourceTree = "<group>"; };
		DDE5E6CB16B0E97200BEDB89 /* main.m */ = {isa = PBXFileReference; fileEncoding = 4; lastKnownFileType = sourcecode.c.objc; path = main.m; sourceTree = "<group>"; };
/* End PBXFileReference section */

/* Begin PBXFrameworksBuildPhase section */
		DDE5E68A16B0E40100BEDB89 /* Frameworks */ = {
			isa = PBXFrameworksBuildPhase;
			buildActionMask = 2147483647;
			files = (
				DDE5E69216B0E40100BEDB89 /* UIKit.framework in Frameworks */,
				DDE5E69416B0E40100BEDB89 /* Foundation.framework in Frameworks */,
				DDE5E69616B0E40100BEDB89 /* CoreGraphics.framework in Frameworks */,
			);
			runOnlyForDeploymentPostprocessing = 0;
		};
/* End PBXFrameworksBuildPhase section */

/* Begin PBXGroup section */
		DDE4E7D316B0EFA100713EEC /* Lanuch */ = {
			isa = PBXGroup;
			children = (
				DDE4E7EB16B0F06900713EEC /* Default-568h@2x.png */,
				DDE4E7EC16B0F06900713EEC /* Default-Portrait@2x~iPad.png */,
				DDE4E7ED16B0F06900713EEC /* Default-Portrait~iPad.png */,
				DDE4E7EE16B0F06900713EEC /* Default.png */,
				DDE4E7EF16B0F06900713EEC /* Default@2x.png */,
			);
			path = Lanuch;
			sourceTree = "<group>";
		};
		DDE4E7D416B0EFAF00713EEC /* Icon */ = {
			isa = PBXGroup;
			children = (
				DDE4E7DB16B0F03700713EEC /* Icon-72.png */,
				DDE4E7DC16B0F03700713EEC /* Icon-72@2x.png */,
				DDE4E7DD16B0F03700713EEC /* Icon-Small-50.png */,
				DDE4E7DE16B0F03700713EEC /* Icon-Small-50@2x.png */,
				DDE4E7DF16B0F03700713EEC /* Icon-Small.png */,
				DDE4E7E016B0F03700713EEC /* Icon-Small@2x.png */,
				DDE4E7E116B0F03700713EEC /* Icon.png */,
				DDE4E7E216B0F03700713EEC /* Icon@2x.png */,
			);
			path = Icon;
			sourceTree = "<group>";
		};
		DDE5E68216B0E40100BEDB89 = {
			isa = PBXGroup;
			children = (
				DDE5E6B716B0E43E00BEDB89 /* Code */,
				DDE5E6C216B0E8A400BEDB89 /* Resource */,
				DDE5E6C016B0E80B00BEDB89 /* StoryBoard */,
				DDE5E6C816B0E94000BEDB89 /* Supporting */,
				DDE5E69016B0E40100BEDB89 /* Frameworks */,
				DDE5E68E16B0E40100BEDB89 /* Products */,
			);
			sourceTree = "<group>";
		};
		DDE5E68E16B0E40100BEDB89 /* Products */ = {
			isa = PBXGroup;
			children = (
				DDE5E68D16B0E40100BEDB89 /* iBaby.app */,
			);
			name = Products;
			sourceTree = "<group>";
		};
		DDE5E69016B0E40100BEDB89 /* Frameworks */ = {
			isa = PBXGroup;
			children = (
				DDE5E69116B0E40100BEDB89 /* UIKit.framework */,
				DDE5E69316B0E40100BEDB89 /* Foundation.framework */,
				DDE5E69516B0E40100BEDB89 /* CoreGraphics.framework */,
			);
			name = Frameworks;
			sourceTree = "<group>";
		};
		DDE5E6B716B0E43E00BEDB89 /* Code */ = {
			isa = PBXGroup;
			children = (
				DDE5E6B816B0E4A500BEDB89 /* AppDelegate */,
				DDE5E6B916B0E4B800BEDB89 /* ViewController */,
			);
			name = Code;
			path = iBaby/Code;
			sourceTree = "<group>";
		};
		DDE5E6B816B0E4A500BEDB89 /* AppDelegate */ = {
			isa = PBXGroup;
			children = (
				DDE5E6BA16B0E7BF00BEDB89 /* RSAppDelegate.h */,
				DDE5E6BB16B0E7BF00BEDB89 /* RSAppDelegate.m */,
			);
			path = AppDelegate;
			sourceTree = "<group>";
		};
		DDE5E6B916B0E4B800BEDB89 /* ViewController */ = {
			isa = PBXGroup;
			children = (
				DDE5E6BD16B0E7D900BEDB89 /* RSViewController.h */,
				DDE5E6BE16B0E7D900BEDB89 /* RSViewController.m */,
			);
			path = ViewController;
			sourceTree = "<group>";
		};
		DDE5E6C016B0E80B00BEDB89 /* StoryBoard */ = {
			isa = PBXGroup;
			children = (
				DDE5E6C416B0E90700BEDB89 /* MainStoryboard_iPad.storyboard */,
				DDE5E6C516B0E90700BEDB89 /* MainStoryboard_iPhone.storyboard */,
			);
			name = StoryBoard;
			path = iBaby/StoryBoard;
			sourceTree = "<group>";
		};
		DDE5E6C216B0E8A400BEDB89 /* Resource */ = {
			isa = PBXGroup;
			children = (
				DDE5E6C316B0E8A400BEDB89 /* Image */,
			);
			name = Resource;
			path = iBaby/Resource;
			sourceTree = "<group>";
		};
		DDE5E6C316B0E8A400BEDB89 /* Image */ = {
			isa = PBXGroup;
			children = (
				DDE5E6CE16B0E9A500BEDB89 /* Default */,
			);
			path = Image;
			sourceTree = "<group>";
		};
		DDE5E6C816B0E94000BEDB89 /* Supporting */ = {
			isa = PBXGroup;
			children = (
				DDE5E6C916B0E97200BEDB89 /* iBaby-Info.plist */,
				DDE5E6CA16B0E97200BEDB89 /* iBaby-Prefix.pch */,
				DDE5E6CB16B0E97200BEDB89 /* main.m */,
			);
			name = Supporting;
			path = iBaby/Supporting;
			sourceTree = "<group>";
		};
		DDE5E6CE16B0E9A500BEDB89 /* Default */ = {
			isa = PBXGroup;
			children = (
				DDE4E7D416B0EFAF00713EEC /* Icon */,
				DDE4E7D316B0EFA100713EEC /* Lanuch */,
			);
			path = Default;
			sourceTree = "<group>";
		};
/* End PBXGroup section */

/* Begin PBXNativeTarget section */
		DDE5E68C16B0E40100BEDB89 /* iBaby */ = {
			isa = PBXNativeTarget;
			buildConfigurationList = DDE5E6B416B0E40100BEDB89 /* Build configuration list for PBXNativeTarget "iBaby" */;
			buildPhases = (
				DDE5E68916B0E40100BEDB89 /* Sources */,
				DDE5E68A16B0E40100BEDB89 /* Frameworks */,
				DDE5E68B16B0E40100BEDB89 /* Resources */,
			);
			buildRules = (
			);
			dependencies = (
			);
			name = iBaby;
			productName = iBaby;
			productReference = DDE5E68D16B0E40100BEDB89 /* iBaby.app */;
			productType = "com.apple.product-type.application";
		};
/* End PBXNativeTarget section */

/* Begin PBXProject section */
		DDE5E68416B0E40100BEDB89 /* Project object */ = {
			isa = PBXProject;
			attributes = {
				CLASSPREFIX = RS;
				LastUpgradeCheck = 0450;
				ORGANIZATIONNAME = "Risen International Trade Pte. Ltd.";
			};
			buildConfigurationList = DDE5E68716B0E40100BEDB89 /* Build configuration list for PBXProject "iBaby" */;
			compatibilityVersion = "Xcode 3.2";
			developmentRegion = English;
			hasScannedForEncodings = 0;
			knownRegions = (
				en,
			);
			mainGroup = DDE5E68216B0E40100BEDB89;
			productRefGroup = DDE5E68E16B0E40100BEDB89 /* Products */;
			projectDirPath = "";
			projectRoot = "";
			targets = (
				DDE5E68C16B0E40100BEDB89 /* iBaby */,
			);
		};
/* End PBXProject section */

/* Begin PBXResourcesBuildPhase section */
		DDE5E68B16B0E40100BEDB89 /* Resources */ = {
			isa = PBXResourcesBuildPhase;
			buildActionMask = 2147483647;
			files = (
				DDE5E6C616B0E90700BEDB89 /* MainStoryboard_iPad.storyboard in Resources */,
				DDE5E6C716B0E90700BEDB89 /* MainStoryboard_iPhone.storyboard in Resources */,
				DDE4E7E316B0F03700713EEC /* Icon-72.png in Resources */,
				DDE4E7E416B0F03700713EEC /* Icon-72@2x.png in Resources */,
				DDE4E7E516B0F03700713EEC /* Icon-Small-50.png in Resources */,
				DDE4E7E616B0F03700713EEC /* Icon-Small-50@2x.png in Resources */,
				DDE4E7E716B0F03700713EEC /* Icon-Small.png in Resources */,
				DDE4E7E816B0F03700713EEC /* Icon-Small@2x.png in Resources */,
				DDE4E7E916B0F03700713EEC /* Icon.png in Resources */,
				DDE4E7EA16B0F03700713EEC /* Icon@2x.png in Resources */,
				DDE4E7F016B0F06900713EEC /* Default-568h@2x.png in Resources */,
				DDE4E7F116B0F06900713EEC /* Default-Portrait@2x~iPad.png in Resources */,
				DDE4E7F216B0F06900713EEC /* Default-Portrait~iPad.png in Resources */,
				DDE4E7F316B0F06900713EEC /* Default.png in Resources */,
				DDE4E7F416B0F06900713EEC /* Default@2x.png in Resources */,
			);
			runOnlyForDeploymentPostprocessing = 0;
		};
/* End PBXResourcesBuildPhase section */

/* Begin PBXSourcesBuildPhase section */
		DDE5E68916B0E40100BEDB89 /* Sources */ = {
			isa = PBXSourcesBuildPhase;
			buildActionMask = 2147483647;
			files = (
				DDE5E6BC16B0E7BF00BEDB89 /* RSAppDelegate.m in Sources */,
				DDE5E6BF16B0E7D900BEDB89 /* RSViewController.m in Sources */,
				DDE5E6CD16B0E97200BEDB89 /* main.m in Sources */,
			);
			runOnlyForDeploymentPostprocessing = 0;
		};
/* End PBXSourcesBuildPhase section */

/* Begin XCBuildConfiguration section */
		DDE5E6B216B0E40100BEDB89 /* Debug */ = {
			isa = XCBuildConfiguration;
			buildSettings = {
				ALWAYS_SEARCH_USER_PATHS = NO;
				CLANG_CXX_LANGUAGE_STANDARD = "gnu++0x";
				CLANG_CXX_LIBRARY = "libc++";
				CLANG_ENABLE_OBJC_ARC = YES;
				CLANG_WARN_EMPTY_BODY = YES;
				CLANG_WARN__DUPLICATE_METHOD_MATCH = YES;
				"CODE_SIGN_IDENTITY[sdk=iphoneos*]" = "iPhone Developer";
				COPY_PHASE_STRIP = NO;
				GCC_C_LANGUAGE_STANDARD = gnu99;
				GCC_DYNAMIC_NO_PIC = NO;
				GCC_OPTIMIZATION_LEVEL = 0;
				GCC_PREPROCESSOR_DEFINITIONS = (
					"DEBUG=1",
					"$(inherited)",
				);
				GCC_SYMBOLS_PRIVATE_EXTERN = NO;
				GCC_WARN_ABOUT_RETURN_TYPE = YES;
				GCC_WARN_UNINITIALIZED_AUTOS = YES;
				GCC_WARN_UNUSED_VARIABLE = YES;
				IPHONEOS_DEPLOYMENT_TARGET = 5.1;
				ONLY_ACTIVE_ARCH = YES;
				SDKROOT = iphoneos;
				TARGETED_DEVICE_FAMILY = "1,2";
			};
			name = Debug;
		};
		DDE5E6B316B0E40100BEDB89 /* Release */ = {
			isa = XCBuildConfiguration;
			buildSettings = {
				ALWAYS_SEARCH_USER_PATHS = NO;
				CLANG_CXX_LANGUAGE_STANDARD = "gnu++0x";
				CLANG_CXX_LIBRARY = "libc++";
				CLANG_ENABLE_OBJC_ARC = YES;
				CLANG_WARN_EMPTY_BODY = YES;
				CLANG_WARN__DUPLICATE_METHOD_MATCH = YES;
				"CODE_SIGN_IDENTITY[sdk=iphoneos*]" = "iPhone Developer";
				COPY_PHASE_STRIP = YES;
				GCC_C_LANGUAGE_STANDARD = gnu99;
				GCC_WARN_ABOUT_RETURN_TYPE = YES;
				GCC_WARN_UNINITIALIZED_AUTOS = YES;
				GCC_WARN_UNUSED_VARIABLE = YES;
				IPHONEOS_DEPLOYMENT_TARGET = 5.1;
				OTHER_CFLAGS = "-DNS_BLOCK_ASSERTIONS=1";
				SDKROOT = iphoneos;
				TARGETED_DEVICE_FAMILY = "1,2";
				VALIDATE_PRODUCT = YES;
			};
			name = Release;
		};
		DDE5E6B516B0E40100BEDB89 /* Debug */ = {
			isa = XCBuildConfiguration;
			buildSettings = {
				CODE_SIGN_IDENTITY = "iPhone Developer: Zhijian Wang (773MF97A5F)";
				"CODE_SIGN_IDENTITY[sdk=iphoneos*]" = "iPhone Developer: Zhijian Wang (773MF97A5F)";
				GCC_PRECOMPILE_PREFIX_HEADER = YES;
				GCC_PREFIX_HEADER = "iBaby/Supporting/iBaby-Prefix.pch";
				INFOPLIST_FILE = "$(SRCROOT)/iBaby/Supporting/iBaby-Info.plist";
				IPHONEOS_DEPLOYMENT_TARGET = 5.1;
				PRODUCT_NAME = "$(TARGET_NAME)";
				PROVISIONING_PROFILE = "4715EF4D-53F3-4C49-A965-8D1613B3C9E3";
				"PROVISIONING_PROFILE[sdk=iphoneos*]" = "4715EF4D-53F3-4C49-A965-8D1613B3C9E3";
				WRAPPER_EXTENSION = app;
			};
			name = Debug;
		};
		DDE5E6B616B0E40100BEDB89 /* Release */ = {
			isa = XCBuildConfiguration;
			buildSettings = {
				CODE_SIGN_IDENTITY = "iPhone Developer: Zhijian Wang (773MF97A5F)";
				"CODE_SIGN_IDENTITY[sdk=iphoneos*]" = "iPhone Developer: Zhijian Wang (773MF97A5F)";
				GCC_PRECOMPILE_PREFIX_HEADER = YES;
				GCC_PREFIX_HEADER = "iBaby/Supporting/iBaby-Prefix.pch";
				INFOPLIST_FILE = "$(SRCROOT)/iBaby/Supporting/iBaby-Info.plist";
				IPHONEOS_DEPLOYMENT_TARGET = 5.1;
				PRODUCT_NAME = "$(TARGET_NAME)";
				PROVISIONING_PROFILE = "4715EF4D-53F3-4C49-A965-8D1613B3C9E3";
				"PROVISIONING_PROFILE[sdk=iphoneos*]" = "4715EF4D-53F3-4C49-A965-8D1613B3C9E3";
				WRAPPER_EXTENSION = app;
			};
			name = Release;
		};
/* End XCBuildConfiguration section */

/* Begin XCConfigurationList section */
		DDE5E68716B0E40100BEDB89 /* Build configuration list for PBXProject "iBaby" */ = {
			isa = XCConfigurationList;
			buildConfigurations = (
				DDE5E6B216B0E40100BEDB89 /* Debug */,
				DDE5E6B316B0E40100BEDB89 /* Release */,
			);
			defaultConfigurationIsVisible = 0;
			defaultConfigurationName = Release;
		};
		DDE5E6B416B0E40100BEDB89 /* Build configuration list for PBXNativeTarget "iBaby" */ = {
			isa = XCConfigurationList;
			buildConfigurations = (
				DDE5E6B516B0E40100BEDB89 /* Debug */,
				DDE5E6B616B0E40100BEDB89 /* Release */,
			);
			defaultConfigurationIsVisible = 0;
			defaultConfigurationName = Release;
		};
/* End XCConfigurationList section */
	};
	rootObject = DDE5E68416B0E40100BEDB89 /* Project object */;
}
